// !$*UTF8*$!
{
	archiveVersion = 1;
	classes = {
	};
	objectVersion = 56;
	objects = {

/* Begin PBXBuildFile section */
		493F4ED5297AE00C000CD098 /* CalendarDatesProvider.swift in Sources */ = {isa = PBXBuildFile; fileRef = 493F4ED4297AE00C000CD098 /* CalendarDatesProvider.swift */; };
		49BC9ADC29770703004A3AB5 /* TestCustomCalendarApp.swift in Sources */ = {isa = PBXBuildFile; fileRef = 49BC9ADB29770703004A3AB5 /* TestCustomCalendarApp.swift */; };
		49BC9ADE29770703004A3AB5 /* ContentView.swift in Sources */ = {isa = PBXBuildFile; fileRef = 49BC9ADD29770703004A3AB5 /* ContentView.swift */; };
		49BC9AE029770704004A3AB5 /* Assets.xcassets in Resources */ = {isa = PBXBuildFile; fileRef = 49BC9ADF29770704004A3AB5 /* Assets.xcassets */; };
		49BC9AE329770704004A3AB5 /* Preview Assets.xcassets in Resources */ = {isa = PBXBuildFile; fileRef = 49BC9AE229770704004A3AB5 /* Preview Assets.xcassets */; };
		49BC9AEA29770762004A3AB5 /* DaySelector.swift in Sources */ = {isa = PBXBuildFile; fileRef = 49BC9AE929770762004A3AB5 /* DaySelector.swift */; };
		49BC9AEC29773190004A3AB5 /* WeekViewSelector.swift in Sources */ = {isa = PBXBuildFile; fileRef = 49BC9AEB29773190004A3AB5 /* WeekViewSelector.swift */; };
		49C59FA1297735800039AC8C /* Extensions.swift in Sources */ = {isa = PBXBuildFile; fileRef = 49C59FA0297735800039AC8C /* Extensions.swift */; };
		49C59FA329773D4A0039AC8C /* DaysList.swift in Sources */ = {isa = PBXBuildFile; fileRef = 49C59FA229773D4A0039AC8C /* DaysList.swift */; };
		49C8299E297C674A00B26584 /* Event.swift in Sources */ = {isa = PBXBuildFile; fileRef = 49C8299D297C674A00B26584 /* Event.swift */; };
		49F35EAC29793FFF000F7F25 /* DayPlanningView.swift in Sources */ = {isa = PBXBuildFile; fileRef = 49F35EAB29793FFF000F7F25 /* DayPlanningView.swift */; };
/* End PBXBuildFile section */

/* Begin PBXFileReference section */
		493F4ED4297AE00C000CD098 /* CalendarDatesProvider.swift */ = {isa = PBXFileReference; fileEncoding = 4; lastKnownFileType = sourcecode.swift; path = CalendarDatesProvider.swift; sourceTree = "<group>"; };
		49BC9AD829770703004A3AB5 /* TestCustomCalendar.app */ = {isa = PBXFileReference; explicitFileType = wrapper.application; includeInIndex = 0; path = TestCustomCalendar.app; sourceTree = BUILT_PRODUCTS_DIR; };
		49BC9ADB29770703004A3AB5 /* TestCustomCalendarApp.swift */ = {isa = PBXFileReference; lastKnownFileType = sourcecode.swift; path = TestCustomCalendarApp.swift; sourceTree = "<group>"; };
		49BC9ADD29770703004A3AB5 /* ContentView.swift */ = {isa = PBXFileReference; lastKnownFileType = sourcecode.swift; path = ContentView.swift; sourceTree = "<group>"; };
		49BC9ADF29770704004A3AB5 /* Assets.xcassets */ = {isa = PBXFileReference; lastKnownFileType = folder.assetcatalog; path = Assets.xcassets; sourceTree = "<group>"; };
		49BC9AE229770704004A3AB5 /* Preview Assets.xcassets */ = {isa = PBXFileReference; lastKnownFileType = folder.assetcatalog; path = "Preview Assets.xcassets"; sourceTree = "<group>"; };
		49BC9AE929770762004A3AB5 /* DaySelector.swift */ = {isa = PBXFileReference; lastKnownFileType = sourcecode.swift; path = DaySelector.swift; sourceTree = "<group>"; };
		49BC9AEB29773190004A3AB5 /* WeekViewSelector.swift */ = {isa = PBXFileReference; lastKnownFileType = sourcecode.swift; path = WeekViewSelector.swift; sourceTree = "<group>"; };
		49C59FA0297735800039AC8C /* Extensions.swift */ = {isa = PBXFileReference; lastKnownFileType = sourcecode.swift; path = Extensions.swift; sourceTree = "<group>"; };
		49C59FA229773D4A0039AC8C /* DaysList.swift */ = {isa = PBXFileReference; lastKnownFileType = sourcecode.swift; path = DaysList.swift; sourceTree = "<group>"; };
		49C8299D297C674A00B26584 /* Event.swift */ = {isa = PBXFileReference; lastKnownFileType = sourcecode.swift; path = Event.swift; sourceTree = "<group>"; };
		49F35EAB29793FFF000F7F25 /* DayPlanningView.swift */ = {isa = PBXFileReference; lastKnownFileType = sourcecode.swift; path = DayPlanningView.swift; sourceTree = "<group>"; };
/* End PBXFileReference section */

/* Begin PBXFrameworksBuildPhase section */
		49BC9AD529770703004A3AB5 /* Frameworks */ = {
			isa = PBXFrameworksBuildPhase;
			buildActionMask = 2147483647;
			files = (
			);
			runOnlyForDeploymentPostprocessing = 0;
		};
/* End PBXFrameworksBuildPhase section */

/* Begin PBXGroup section */
		49BC9ACF29770703004A3AB5 = {
			isa = PBXGroup;
			children = (
				49BC9ADA29770703004A3AB5 /* TestCustomCalendar */,
				49BC9AD929770703004A3AB5 /* Products */,
			);
			sourceTree = "<group>";
		};
		49BC9AD929770703004A3AB5 /* Products */ = {
			isa = PBXGroup;
			children = (
				49BC9AD829770703004A3AB5 /* TestCustomCalendar.app */,
			);
			name = Products;
			sourceTree = "<group>";
		};
		49BC9ADA29770703004A3AB5 /* TestCustomCalendar */ = {
			isa = PBXGroup;
			children = (
				49BC9ADB29770703004A3AB5 /* TestCustomCalendarApp.swift */,
				49BC9ADD29770703004A3AB5 /* ContentView.swift */,
				49BC9AE929770762004A3AB5 /* DaySelector.swift */,
				49BC9AEB29773190004A3AB5 /* WeekViewSelector.swift */,
				49C59FA229773D4A0039AC8C /* DaysList.swift */,
				49F35EAB29793FFF000F7F25 /* DayPlanningView.swift */,
				493F4ED4297AE00C000CD098 /* CalendarDatesProvider.swift */,
				49C59FA0297735800039AC8C /* Extensions.swift */,
				49C8299D297C674A00B26584 /* Event.swift */,
				49BC9ADF29770704004A3AB5 /* Assets.xcassets */,
				49BC9AE129770704004A3AB5 /* Preview Content */,
			);
			path = TestCustomCalendar;
			sourceTree = "<group>";
		};
		49BC9AE129770704004A3AB5 /* Preview Content */ = {
			isa = PBXGroup;
			children = (
				49BC9AE229770704004A3AB5 /* Preview Assets.xcassets */,
			);
			path = "Preview Content";
			sourceTree = "<group>";
		};
/* End PBXGroup section */

/* Begin PBXNativeTarget section */
		49BC9AD729770703004A3AB5 /* TestCustomCalendar */ = {
			isa = PBXNativeTarget;
			buildConfigurationList = 49BC9AE629770704004A3AB5 /* Build configuration list for PBXNativeTarget "TestCustomCalendar" */;
			buildPhases = (
				49BC9AD429770703004A3AB5 /* Sources */,
				49BC9AD529770703004A3AB5 /* Frameworks */,
				49BC9AD629770703004A3AB5 /* Resources */,
			);
			buildRules = (
			);
			dependencies = (
			);
			name = TestCustomCalendar;
			productName = TestCustomCalendar;
			productReference = 49BC9AD829770703004A3AB5 /* TestCustomCalendar.app */;
			productType = "com.apple.product-type.application";
		};
/* End PBXNativeTarget section */

/* Begin PBXProject section */
		49BC9AD029770703004A3AB5 /* Project object */ = {
			isa = PBXProject;
			attributes = {
				BuildIndependentTargetsInParallel = 1;
				LastSwiftUpdateCheck = 1420;
				LastUpgradeCheck = 1420;
				TargetAttributes = {
					49BC9AD729770703004A3AB5 = {
						CreatedOnToolsVersion = 14.2;
					};
				};
			};
			buildConfigurationList = 49BC9AD329770703004A3AB5 /* Build configuration list for PBXProject "TestCustomCalendar" */;
			compatibilityVersion = "Xcode 14.0";
			developmentRegion = en;
			hasScannedForEncodings = 0;
			knownRegions = (
				en,
				Base,
			);
			mainGroup = 49BC9ACF29770703004A3AB5;
			productRefGroup = 49BC9AD929770703004A3AB5 /* Products */;
			projectDirPath = "";
			projectRoot = "";
			targets = (
				49BC9AD729770703004A3AB5 /* TestCustomCalendar */,
			);
		};
/* End PBXProject section */

/* Begin PBXResourcesBuildPhase section */
		49BC9AD629770703004A3AB5 /* Resources */ = {
			isa = PBXResourcesBuildPhase;
			buildActionMask = 2147483647;
			files = (
				49BC9AE329770704004A3AB5 /* Preview Assets.xcassets in Resources */,
				49BC9AE029770704004A3AB5 /* Assets.xcassets in Resources */,
			);
			runOnlyForDeploymentPostprocessing = 0;
		};
/* End PBXResourcesBuildPhase section */

/* Begin PBXSourcesBuildPhase section */
		49BC9AD429770703004A3AB5 /* Sources */ = {
			isa = PBXSourcesBuildPhase;
			buildActionMask = 2147483647;
			files = (
				49C59FA1297735800039AC8C /* Extensions.swift in Sources */,
				49C8299E297C674A00B26584 /* Event.swift in Sources */,
				49F35EAC29793FFF000F7F25 /* DayPlanningView.swift in Sources */,
				49BC9AEA29770762004A3AB5 /* DaySelector.swift in Sources */,
				49C59FA329773D4A0039AC8C /* DaysList.swift in Sources */,
				493F4ED5297AE00C000CD098 /* CalendarDatesProvider.swift in Sources */,
				49BC9ADE29770703004A3AB5 /* ContentView.swift in Sources */,
				49BC9ADC29770703004A3AB5 /* TestCustomCalendarApp.swift in Sources */,
				49BC9AEC29773190004A3AB5 /* WeekViewSelector.swift in Sources */,
			);
			runOnlyForDeploymentPostprocessing = 0;
		};
/* End PBXSourcesBuildPhase section */

/* Begin XCBuildConfiguration section */
		49BC9AE429770704004A3AB5 /* Debug */ = {
			isa = XCBuildConfiguration;
			buildSettings = {
				ALWAYS_SEARCH_USER_PATHS = NO;
				CLANG_ANALYZER_NONNULL = YES;
				CLANG_ANALYZER_NUMBER_OBJECT_CONVERSION = YES_AGGRESSIVE;
				CLANG_CXX_LANGUAGE_STANDARD = "gnu++20";
				CLANG_ENABLE_MODULES = YES;
				CLANG_ENABLE_OBJC_ARC = YES;
				CLANG_ENABLE_OBJC_WEAK = YES;
				CLANG_WARN_BLOCK_CAPTURE_AUTORELEASING = YES;
				CLANG_WARN_BOOL_CONVERSION = YES;
				CLANG_WARN_COMMA = YES;
				CLANG_WARN_CONSTANT_CONVERSION = YES;
				CLANG_WARN_DEPRECATED_OBJC_IMPLEMENTATIONS = YES;
				CLANG_WARN_DIRECT_OBJC_ISA_USAGE = YES_ERROR;
				CLANG_WARN_DOCUMENTATION_COMMENTS = YES;
				CLANG_WARN_EMPTY_BODY = YES;
				CLANG_WARN_ENUM_CONVERSION = YES;
				CLANG_WARN_INFINITE_RECURSION = YES;
				CLANG_WARN_INT_CONVERSION = YES;
				CLANG_WARN_NON_LITERAL_NULL_CONVERSION = YES;
				CLANG_WARN_OBJC_IMPLICIT_RETAIN_SELF = YES;
				CLANG_WARN_OBJC_LITERAL_CONVERSION = YES;
				CLANG_WARN_OBJC_ROOT_CLASS = YES_ERROR;
				CLANG_WARN_QUOTED_INCLUDE_IN_FRAMEWORK_HEADER = YES;
				CLANG_WARN_RANGE_LOOP_ANALYSIS = YES;
				CLANG_WARN_STRICT_PROTOTYPES = YES;
				CLANG_WARN_SUSPICIOUS_MOVE = YES;
				CLANG_WARN_UNGUARDED_AVAILABILITY = YES_AGGRESSIVE;
				CLANG_WARN_UNREACHABLE_CODE = YES;
				CLANG_WARN__DUPLICATE_METHOD_MATCH = YES;
				COPY_PHASE_STRIP = NO;
				DEBUG_INFORMATION_FORMAT = dwarf;
				ENABLE_STRICT_OBJC_MSGSEND = YES;
				ENABLE_TESTABILITY = YES;
				GCC_C_LANGUAGE_STANDARD = gnu11;
				GCC_DYNAMIC_NO_PIC = NO;
				GCC_NO_COMMON_BLOCKS = YES;
				GCC_OPTIMIZATION_LEVEL = 0;
				GCC_PREPROCESSOR_DEFINITIONS = (
					"DEBUG=1",
					"$(inherited)",
				);
				GCC_WARN_64_TO_32_BIT_CONVERSION = YES;
				GCC_WARN_ABOUT_RETURN_TYPE = YES_ERROR;
				GCC_WARN_UNDECLARED_SELECTOR = YES;
				GCC_WARN_UNINITIALIZED_AUTOS = YES_AGGRESSIVE;
				GCC_WARN_UNUSED_FUNCTION = YES;
				GCC_WARN_UNUSED_VARIABLE = YES;
				IPHONEOS_DEPLOYMENT_TARGET = 16.2;
				MTL_ENABLE_DEBUG_INFO = INCLUDE_SOURCE;
				MTL_FAST_MATH = YES;
				ONLY_ACTIVE_ARCH = YES;
				SDKROOT = iphoneos;
				SWIFT_ACTIVE_COMPILATION_CONDITIONS = DEBUG;
				SWIFT_OPTIMIZATION_LEVEL = "-Onone";
			};
			name = Debug;
		};
		49BC9AE529770704004A3AB5 /* Release */ = {
			isa = XCBuildConfiguration;
			buildSettings = {
				ALWAYS_SEARCH_USER_PATHS = NO;
				CLANG_ANALYZER_NONNULL = YES;
				CLANG_ANALYZER_NUMBER_OBJECT_CONVERSION = YES_AGGRESSIVE;
				CLANG_CXX_LANGUAGE_STANDARD = "gnu++20";
				CLANG_ENABLE_MODULES = YES;
				CLANG_ENABLE_OBJC_ARC = YES;
				CLANG_ENABLE_OBJC_WEAK = YES;
				CLANG_WARN_BLOCK_CAPTURE_AUTORELEASING = YES;
				CLANG_WARN_BOOL_CONVERSION = YES;
				CLANG_WARN_COMMA = YES;
				CLANG_WARN_CONSTANT_CONVERSION = YES;
				CLANG_WARN_DEPRECATED_OBJC_IMPLEMENTATIONS = YES;
				CLANG_WARN_DIRECT_OBJC_ISA_USAGE = YES_ERROR;
				CLANG_WARN_DOCUMENTATION_COMMENTS = YES;
				CLANG_WARN_EMPTY_BODY = YES;
				CLANG_WARN_ENUM_CONVERSION = YES;
				CLANG_WARN_INFINITE_RECURSION = YES;
				CLANG_WARN_INT_CONVERSION = YES;
				CLANG_WARN_NON_LITERAL_NULL_CONVERSION = YES;
				CLANG_WARN_OBJC_IMPLICIT_RETAIN_SELF = YES;
				CLANG_WARN_OBJC_LITERAL_CONVERSION = YES;
				CLANG_WARN_OBJC_ROOT_CLASS = YES_ERROR;
				CLANG_WARN_QUOTED_INCLUDE_IN_FRAMEWORK_HEADER = YES;
				CLANG_WARN_RANGE_LOOP_ANALYSIS = YES;
				CLANG_WARN_STRICT_PROTOTYPES = YES;
				CLANG_WARN_SUSPICIOUS_MOVE = YES;
				CLANG_WARN_UNGUARDED_AVAILABILITY = YES_AGGRESSIVE;
				CLANG_WARN_UNREACHABLE_CODE = YES;
				CLANG_WARN__DUPLICATE_METHOD_MATCH = YES;
				COPY_PHASE_STRIP = NO;
				DEBUG_INFORMATION_FORMAT = "dwarf-with-dsym";
				ENABLE_NS_ASSERTIONS = NO;
				ENABLE_STRICT_OBJC_MSGSEND = YES;
				GCC_C_LANGUAGE_STANDARD = gnu11;
				GCC_NO_COMMON_BLOCKS = YES;
				GCC_WARN_64_TO_32_BIT_CONVERSION = YES;
				GCC_WARN_ABOUT_RETURN_TYPE = YES_ERROR;
				GCC_WARN_UNDECLARED_SELECTOR = YES;
				GCC_WARN_UNINITIALIZED_AUTOS = YES_AGGRESSIVE;
				GCC_WARN_UNUSED_FUNCTION = YES;
				GCC_WARN_UNUSED_VARIABLE = YES;
				IPHONEOS_DEPLOYMENT_TARGET = 16.2;
				MTL_ENABLE_DEBUG_INFO = NO;
				MTL_FAST_MATH = YES;
				SDKROOT = iphoneos;
				SWIFT_COMPILATION_MODE = wholemodule;
				SWIFT_OPTIMIZATION_LEVEL = "-O";
				VALIDATE_PRODUCT = YES;
			};
			name = Release;
		};
		49BC9AE729770704004A3AB5 /* Debug */ = {
			isa = XCBuildConfiguration;
			buildSettings = {
				ASSETCATALOG_COMPILER_APPICON_NAME = AppIcon;
				ASSETCATALOG_COMPILER_GLOBAL_ACCENT_COLOR_NAME = AccentColor;
				CODE_SIGN_STYLE = Automatic;
				CURRENT_PROJECT_VERSION = 1;
				DEVELOPMENT_ASSET_PATHS = "\"TestCustomCalendar/Preview Content\"";
				DEVELOPMENT_TEAM = ZA25QH9A8G;
				ENABLE_PREVIEWS = YES;
				GENERATE_INFOPLIST_FILE = YES;
				INFOPLIST_KEY_UIApplicationSceneManifest_Generation = YES;
				INFOPLIST_KEY_UIApplicationSupportsIndirectInputEvents = YES;
				INFOPLIST_KEY_UILaunchScreen_Generation = YES;
				INFOPLIST_KEY_UISupportedInterfaceOrientations_iPad = "UIInterfaceOrientationPortrait UIInterfaceOrientationPortraitUpsideDown UIInterfaceOrientationLandscapeLeft UIInterfaceOrientationLandscapeRight";
				INFOPLIST_KEY_UISupportedInterfaceOrientations_iPhone = "UIInterfaceOrientationPortrait UIInterfaceOrientationLandscapeLeft UIInterfaceOrientationLandscapeRight";
				LD_RUNPATH_SEARCH_PATHS = (
					"$(inherited)",
					"@executable_path/Frameworks",
				);
				MARKETING_VERSION = 1.0;
				PRODUCT_BUNDLE_IDENTIFIER = com.sinan.TestCustomCalendar;
				PRODUCT_NAME = "$(TARGET_NAME)";
				SWIFT_EMIT_LOC_STRINGS = YES;
				SWIFT_VERSION = 5.0;
				TARGETED_DEVICE_FAMILY = "1,2";
			};
			name = Debug;
		};
		49BC9AE829770704004A3AB5 /* Release */ = {
			isa = XCBuildConfiguration;
			buildSettings = {
				ASSETCATALOG_COMPILER_APPICON_NAME = AppIcon;
				ASSETCATALOG_COMPILER_GLOBAL_ACCENT_COLOR_NAME = AccentColor;
				CODE_SIGN_STYLE = Automatic;
				CURRENT_PROJECT_VERSION = 1;
				DEVELOPMENT_ASSET_PATHS = "\"TestCustomCalendar/Preview Content\"";
				DEVELOPMENT_TEAM = ZA25QH9A8G;
				ENABLE_PREVIEWS = YES;
				GENERATE_INFOPLIST_FILE = YES;
				INFOPLIST_KEY_UIApplicationSceneManifest_Generation = YES;
				INFOPLIST_KEY_UIApplicationSupportsIndirectInputEvents = YES;
				INFOPLIST_KEY_UILaunchScreen_Generation = YES;
				INFOPLIST_KEY_UISupportedInterfaceOrientations_iPad = "UIInterfaceOrientationPortrait UIInterfaceOrientationPortraitUpsideDown UIInterfaceOrientationLandscapeLeft UIInterfaceOrientationLandscapeRight";
				INFOPLIST_KEY_UISupportedInterfaceOrientations_iPhone = "UIInterfaceOrientationPortrait UIInterfaceOrientationLandscapeLeft UIInterfaceOrientationLandscapeRight";
				LD_RUNPATH_SEARCH_PATHS = (
					"$(inherited)",
					"@executable_path/Frameworks",
				);
				MARKETING_VERSION = 1.0;
				PRODUCT_BUNDLE_IDENTIFIER = com.sinan.TestCustomCalendar;
				PRODUCT_NAME = "$(TARGET_NAME)";
				SWIFT_EMIT_LOC_STRINGS = YES;
				SWIFT_VERSION = 5.0;
				TARGETED_DEVICE_FAMILY = "1,2";
			};
			name = Release;
		};
/* End XCBuildConfiguration section */

/* Begin XCConfigurationList section */
		49BC9AD329770703004A3AB5 /* Build configuration list for PBXProject "TestCustomCalendar" */ = {
			isa = XCConfigurationList;
			buildConfigurations = (
				49BC9AE429770704004A3AB5 /* Debug */,
				49BC9AE529770704004A3AB5 /* Release */,
			);
			defaultConfigurationIsVisible = 0;
			defaultConfigurationName = Release;
		};
		49BC9AE629770704004A3AB5 /* Build configuration list for PBXNativeTarget "TestCustomCalendar" */ = {
			isa = XCConfigurationList;
			buildConfigurations = (
				49BC9AE729770704004A3AB5 /* Debug */,
				49BC9AE829770704004A3AB5 /* Release */,
			);
			defaultConfigurationIsVisible = 0;
			defaultConfigurationName = Release;
		};
/* End XCConfigurationList section */
	};
	rootObject = 49BC9AD029770703004A3AB5 /* Project object */;
}
